
Microsoft Visual Studio Solution File, Format Version 12.00
# Visual Studio Version 16
VisualStudioVersion = 16.0.29411.108
MinimumVisualStudioVersion = 10.0.40219.1
Project("{FAE04EC0-301F-11D3-BF4B-00C04F79EFBC}") = "Sfu.MNISTRecognizer.WinMords", "Sfu.MNISTRecognizer.WinMords\Sfu.MNISTRecognizer.WinMords.csproj", "{7081C0D8-7607-47E1-A26C-FD9A03864BDA}"
EndProject
Project("{FAE04EC0-301F-11D3-BF4B-00C04F79EFBC}") = "Sfu.MNISTRecognizer.MNISTWorker", "Sfu.MNISTRecognizer.MNISTWorker\Sfu.MNISTRecognizer.MNISTWorker.csproj", "{60F1B875-DCFF-4379-8F68-3D5B85362D25}"
EndProject
Project("{FAE04EC0-301F-11D3-BF4B-00C04F79EFBC}") = "Sfu.MNISTRecognizer.UnitTests", "Sfu.MNISTRecognizer.UnitTests\Sfu.MNISTRecognizer.UnitTests.csproj", "{47ECE463-A9F6-471A-A33D-F7C1D53955E1}"
EndProject
Global
	GlobalSection(SolutionConfigurationPlatforms) = preSolution
		Debug|Any CPU = Debug|Any CPU
		Debug|x64 = Debug|x64
		Release|Any CPU = Release|Any CPU
		Release|x64 = Release|x64
	EndGlobalSection
	GlobalSection(ProjectConfigurationPlatforms) = postSolution
		{7081C0D8-7607-47E1-A26C-FD9A03864BDA}.Debug|Any CPU.ActiveCfg = Debug|Any CPU
		{7081C0D8-7607-47E1-A26C-FD9A03864BDA}.Debug|Any CPU.Build.0 = Debug|Any CPU
		{7081C0D8-7607-47E1-A26C-FD9A03864BDA}.Debug|x64.ActiveCfg = Debug|Any CPU
		{7081C0D8-7607-47E1-A26C-FD9A03864BDA}.Debug|x64.Build.0 = Debug|Any CPU
		{7081C0D8-7607-47E1-A26C-FD9A03864BDA}.Release|Any CPU.ActiveCfg = Release|Any CPU
		{7081C0D8-7607-47E1-A26C-FD9A03864BDA}.Release|Any CPU.Build.0 = Release|Any CPU
		{7081C0D8-7607-47E1-A26C-FD9A03864BDA}.Release|x64.ActiveCfg = Release|Any CPU
		{7081C0D8-7607-47E1-A26C-FD9A03864BDA}.Release|x64.Build.0 = Release|Any CPU
		{60F1B875-DCFF-4379-8F68-3D5B85362D25}.Debug|Any CPU.ActiveCfg = Debug|Any CPU
		{60F1B875-DCFF-4379-8F68-3D5B85362D25}.Debug|Any CPU.Build.0 = Debug|Any CPU
		{60F1B875-DCFF-4379-8F68-3D5B85362D25}.Debug|x64.ActiveCfg = Debug|Any CPU
		{60F1B875-DCFF-4379-8F68-3D5B85362D25}.Debug|x64.Build.0 = Debug|Any CPU
		{60F1B875-DCFF-4379-8F68-3D5B85362D25}.Release|Any CPU.ActiveCfg = Release|Any CPU
		{60F1B875-DCFF-4379-8F68-3D5B85362D25}.Release|Any CPU.Build.0 = Release|Any CPU
		{60F1B875-DCFF-4379-8F68-3D5B85362D25}.Release|x64.ActiveCfg = Release|Any CPU
		{60F1B875-DCFF-4379-8F68-3D5B85362D25}.Release|x64.Build.0 = Release|Any CPU
		{47ECE463-A9F6-471A-A33D-F7C1D53955E1}.Debug|Any CPU.ActiveCfg = Debug|Any CPU
		{47ECE463-A9F6-471A-A33D-F7C1D53955E1}.Debug|Any CPU.Build.0 = Debug|Any CPU
		{47ECE463-A9F6-471A-A33D-F7C1D53955E1}.Debug|x64.ActiveCfg = Debug|Any CPU
		{47ECE463-A9F6-471A-A33D-F7C1D53955E1}.Debug|x64.Build.0 = Debug|Any CPU
		{47ECE463-A9F6-471A-A33D-F7C1D53955E1}.Release|Any CPU.ActiveCfg = Release|Any CPU
		{47ECE463-A9F6-471A-A33D-F7C1D53955E1}.Release|Any CPU.Build.0 = Release|Any CPU
		{47ECE463-A9F6-471A-A33D-F7C1D53955E1}.Release|x64.ActiveCfg = Release|Any CPU
		{47ECE463-A9F6-471A-A33D-F7C1D53955E1}.Release|x64.Build.0 = Release|Any CPU
	EndGlobalSection
	GlobalSection(SolutionProperties) = preSolution
		HideSolutionNode = FALSE
	EndGlobalSection
	GlobalSection(ExtensibilityGlobals) = postSolution
		SolutionGuid = {EFE63C0C-9417-45A7-B5F9-4010E3D72895}
	EndGlobalSection
EndGlobal
